// !$*UTF8*$!
{
	archiveVersion = 1;
	classes = {
	};
	objectVersion = 46;
	objects = {

/* Begin PBXBuildFile section */
		BA0A7C261EB1F92B0071C973 /* AppDelegate.swift in Sources */ = {isa = PBXBuildFile; fileRef = BA0A7C251EB1F92B0071C973 /* AppDelegate.swift */; };
		BA0A7C281EB1F92B0071C973 /* ViewController.swift in Sources */ = {isa = PBXBuildFile; fileRef = BA0A7C271EB1F92B0071C973 /* ViewController.swift */; };
		BA0A7C2B1EB1F92B0071C973 /* Main.storyboard in Resources */ = {isa = PBXBuildFile; fileRef = BA0A7C291EB1F92B0071C973 /* Main.storyboard */; };
		BA0A7C2D1EB1F92B0071C973 /* Assets.xcassets in Resources */ = {isa = PBXBuildFile; fileRef = BA0A7C2C1EB1F92B0071C973 /* Assets.xcassets */; };
		BA0A7C301EB1F92B0071C973 /* LaunchScreen.storyboard in Resources */ = {isa = PBXBuildFile; fileRef = BA0A7C2E1EB1F92B0071C973 /* LaunchScreen.storyboard */; };
		BA0A7C3B1EB1F92C0071C973 /* StyFiSampleTests.swift in Sources */ = {isa = PBXBuildFile; fileRef = BA0A7C3A1EB1F92C0071C973 /* StyFiSampleTests.swift */; };
		BA0A7C461EB1F92C0071C973 /* StyFiSampleUITests.swift in Sources */ = {isa = PBXBuildFile; fileRef = BA0A7C451EB1F92C0071C973 /* StyFiSampleUITests.swift */; };
/* End PBXBuildFile section */

/* Begin PBXContainerItemProxy section */
		BA0A7C371EB1F92C0071C973 /* PBXContainerItemProxy */ = {
			isa = PBXContainerItemProxy;
			containerPortal = BA0A7C1A1EB1F92B0071C973 /* Project object */;
			proxyType = 1;
			remoteGlobalIDString = BA0A7C211EB1F92B0071C973;
			remoteInfo = StyFiSample;
		};
		BA0A7C421EB1F92C0071C973 /* PBXContainerItemProxy */ = {
			isa = PBXContainerItemProxy;
			containerPortal = BA0A7C1A1EB1F92B0071C973 /* Project object */;
			proxyType = 1;
			remoteGlobalIDString = BA0A7C211EB1F92B0071C973;
			remoteInfo = StyFiSample;
		};
/* End PBXContainerItemProxy section */

/* Begin PBXFileReference section */
		BA0A7C221EB1F92B0071C973 /* StyFiSample.app */ = {isa = PBXFileReference; explicitFileType = wrapper.application; includeInIndex = 0; path = StyFiSample.app; sourceTree = BUILT_PRODUCTS_DIR; };
		BA0A7C251EB1F92B0071C973 /* AppDelegate.swift */ = {isa = PBXFileReference; lastKnownFileType = sourcecode.swift; path = AppDelegate.swift; sourceTree = "<group>"; };
		BA0A7C271EB1F92B0071C973 /* ViewController.swift */ = {isa = PBXFileReference; lastKnownFileType = sourcecode.swift; path = ViewController.swift; sourceTree = "<group>"; };
		BA0A7C2A1EB1F92B0071C973 /* Base */ = {isa = PBXFileReference; lastKnownFileType = file.storyboard; name = Base; path = Base.lproj/Main.storyboard; sourceTree = "<group>"; };
		BA0A7C2C1EB1F92B0071C973 /* Assets.xcassets */ = {isa = PBXFileReference; lastKnownFileType = folder.assetcatalog; path = Assets.xcassets; sourceTree = "<group>"; };
		BA0A7C2F1EB1F92B0071C973 /* Base */ = {isa = PBXFileReference; lastKnownFileType = file.storyboard; name = Base; path = Base.lproj/LaunchScreen.storyboard; sourceTree = "<group>"; };
		BA0A7C311EB1F92B0071C973 /* Info.plist */ = {isa = PBXFileReference; lastKnownFileType = text.plist.xml; path = Info.plist; sourceTree = "<group>"; };
		BA0A7C361EB1F92C0071C973 /* StyFiSampleTests.xctest */ = {isa = PBXFileReference; explicitFileType = wrapper.cfbundle; includeInIndex = 0; path = StyFiSampleTests.xctest; sourceTree = BUILT_PRODUCTS_DIR; };
		BA0A7C3A1EB1F92C0071C973 /* StyFiSampleTests.swift */ = {isa = PBXFileReference; lastKnownFileType = sourcecode.swift; path = StyFiSampleTests.swift; sourceTree = "<group>"; };
		BA0A7C3C1EB1F92C0071C973 /* Info.plist */ = {isa = PBXFileReference; lastKnownFileType = text.plist.xml; path = Info.plist; sourceTree = "<group>"; };
		BA0A7C411EB1F92C0071C973 /* StyFiSampleUITests.xctest */ = {isa = PBXFileReference; explicitFileType = wrapper.cfbundle; includeInIndex = 0; path = StyFiSampleUITests.xctest; sourceTree = BUILT_PRODUCTS_DIR; };
		BA0A7C451EB1F92C0071C973 /* StyFiSampleUITests.swift */ = {isa = PBXFileReference; lastKnownFileType = sourcecode.swift; path = StyFiSampleUITests.swift; sourceTree = "<group>"; };
		BA0A7C471EB1F92C0071C973 /* Info.plist */ = {isa = PBXFileReference; lastKnownFileType = text.plist.xml; path = Info.plist; sourceTree = "<group>"; };
/* End PBXFileReference section */

/* Begin PBXFrameworksBuildPhase section */
		BA0A7C1F1EB1F92B0071C973 /* Frameworks */ = {
			isa = PBXFrameworksBuildPhase;
			buildActionMask = 2147483647;
			files = (
			);
			runOnlyForDeploymentPostprocessing = 0;
		};
		BA0A7C331EB1F92C0071C973 /* Frameworks */ = {
			isa = PBXFrameworksBuildPhase;
			buildActionMask = 2147483647;
			files = (
			);
			runOnlyForDeploymentPostprocessing = 0;
		};
		BA0A7C3E1EB1F92C0071C973 /* Frameworks */ = {
			isa = PBXFrameworksBuildPhase;
			buildActionMask = 2147483647;
			files = (
			);
			runOnlyForDeploymentPostprocessing = 0;
		};
/* End PBXFrameworksBuildPhase section */

/* Begin PBXGroup section */
		BA0A7C191EB1F92B0071C973 = {
			isa = PBXGroup;
			children = (
				BA0A7C241EB1F92B0071C973 /* StyFiSample */,
				BA0A7C391EB1F92C0071C973 /* StyFiSampleTests */,
				BA0A7C441EB1F92C0071C973 /* StyFiSampleUITests */,
				BA0A7C231EB1F92B0071C973 /* Products */,
			);
			sourceTree = "<group>";
		};
		BA0A7C231EB1F92B0071C973 /* Products */ = {
			isa = PBXGroup;
			children = (
				BA0A7C221EB1F92B0071C973 /* StyFiSample.app */,
				BA0A7C361EB1F92C0071C973 /* StyFiSampleTests.xctest */,
				BA0A7C411EB1F92C0071C973 /* StyFiSampleUITests.xctest */,
			);
			name = Products;
			sourceTree = "<group>";
		};
		BA0A7C241EB1F92B0071C973 /* StyFiSample */ = {
			isa = PBXGroup;
			children = (
				BA0A7C251EB1F92B0071C973 /* AppDelegate.swift */,
				BA0A7C271EB1F92B0071C973 /* ViewController.swift */,
				BA0A7C291EB1F92B0071C973 /* Main.storyboard */,
				BA0A7C2C1EB1F92B0071C973 /* Assets.xcassets */,
				BA0A7C2E1EB1F92B0071C973 /* LaunchScreen.storyboard */,
				BA0A7C311EB1F92B0071C973 /* Info.plist */,
			);
			path = StyFiSample;
			sourceTree = "<group>";
		};
		BA0A7C391EB1F92C0071C973 /* StyFiSampleTests */ = {
			isa = PBXGroup;
			children = (
				BA0A7C3A1EB1F92C0071C973 /* StyFiSampleTests.swift */,
				BA0A7C3C1EB1F92C0071C973 /* Info.plist */,
			);
			path = StyFiSampleTests;
			sourceTree = "<group>";
		};
		BA0A7C441EB1F92C0071C973 /* StyFiSampleUITests */ = {
			isa = PBXGroup;
			children = (
				BA0A7C451EB1F92C0071C973 /* StyFiSampleUITests.swift */,
				BA0A7C471EB1F92C0071C973 /* Info.plist */,
			);
			path = StyFiSampleUITests;
			sourceTree = "<group>";
		};
/* End PBXGroup section */

/* Begin PBXNativeTarget section */
		BA0A7C211EB1F92B0071C973 /* StyFiSample */ = {
			isa = PBXNativeTarget;
			buildConfigurationList = BA0A7C4A1EB1F92C0071C973 /* Build configuration list for PBXNativeTarget "StyFiSample" */;
			buildPhases = (
				BA0A7C1E1EB1F92B0071C973 /* Sources */,
				BA0A7C1F1EB1F92B0071C973 /* Frameworks */,
				BA0A7C201EB1F92B0071C973 /* Resources */,
			);
			buildRules = (
			);
			dependencies = (
			);
			name = StyFiSample;
			productName = StyFiSample;
			productReference = BA0A7C221EB1F92B0071C973 /* StyFiSample.app */;
			productType = "com.apple.product-type.application";
		};
		BA0A7C351EB1F92C0071C973 /* StyFiSampleTests */ = {
			isa = PBXNativeTarget;
			buildConfigurationList = BA0A7C4D1EB1F92C0071C973 /* Build configuration list for PBXNativeTarget "StyFiSampleTests" */;
			buildPhases = (
				BA0A7C321EB1F92C0071C973 /* Sources */,
				BA0A7C331EB1F92C0071C973 /* Frameworks */,
				BA0A7C341EB1F92C0071C973 /* Resources */,
			);
			buildRules = (
			);
			dependencies = (
				BA0A7C381EB1F92C0071C973 /* PBXTargetDependency */,
			);
			name = StyFiSampleTests;
			productName = StyFiSampleTests;
			productReference = BA0A7C361EB1F92C0071C973 /* StyFiSampleTests.xctest */;
			productType = "com.apple.product-type.bundle.unit-test";
		};
		BA0A7C401EB1F92C0071C973 /* StyFiSampleUITests */ = {
			isa = PBXNativeTarget;
			buildConfigurationList = BA0A7C501EB1F92C0071C973 /* Build configuration list for PBXNativeTarget "StyFiSampleUITests" */;
			buildPhases = (
				BA0A7C3D1EB1F92C0071C973 /* Sources */,
				BA0A7C3E1EB1F92C0071C973 /* Frameworks */,
				BA0A7C3F1EB1F92C0071C973 /* Resources */,
			);
			buildRules = (
			);
			dependencies = (
				BA0A7C431EB1F92C0071C973 /* PBXTargetDependency */,
			);
			name = StyFiSampleUITests;
			productName = StyFiSampleUITests;
			productReference = BA0A7C411EB1F92C0071C973 /* StyFiSampleUITests.xctest */;
			productType = "com.apple.product-type.bundle.ui-testing";
		};
/* End PBXNativeTarget section */

/* Begin PBXProject section */
		BA0A7C1A1EB1F92B0071C973 /* Project object */ = {
			isa = PBXProject;
			attributes = {
				LastSwiftUpdateCheck = 0820;
				LastUpgradeCheck = 0820;
				ORGANIZATIONNAME = SunilMaurya;
				TargetAttributes = {
					BA0A7C211EB1F92B0071C973 = {
						CreatedOnToolsVersion = 8.2;
						ProvisioningStyle = Automatic;
					};
					BA0A7C351EB1F92C0071C973 = {
						CreatedOnToolsVersion = 8.2;
						ProvisioningStyle = Automatic;
						TestTargetID = BA0A7C211EB1F92B0071C973;
					};
					BA0A7C401EB1F92C0071C973 = {
						CreatedOnToolsVersion = 8.2;
						ProvisioningStyle = Automatic;
						TestTargetID = BA0A7C211EB1F92B0071C973;
					};
				};
			};
			buildConfigurationList = BA0A7C1D1EB1F92B0071C973 /* Build configuration list for PBXProject "StyFiSample" */;
			compatibilityVersion = "Xcode 3.2";
			developmentRegion = English;
			hasScannedForEncodings = 0;
			knownRegions = (
				en,
				Base,
			);
			mainGroup = BA0A7C191EB1F92B0071C973;
			productRefGroup = BA0A7C231EB1F92B0071C973 /* Products */;
			projectDirPath = "";
			projectRoot = "";
			targets = (
				BA0A7C211EB1F92B0071C973 /* StyFiSample */,
				BA0A7C351EB1F92C0071C973 /* StyFiSampleTests */,
				BA0A7C401EB1F92C0071C973 /* StyFiSampleUITests */,
			);
		};
/* End PBXProject section */

/* Begin PBXResourcesBuildPhase section */
		BA0A7C201EB1F92B0071C973 /* Resources */ = {
			isa = PBXResourcesBuildPhase;
			buildActionMask = 2147483647;
			files = (
				BA0A7C301EB1F92B0071C973 /* LaunchScreen.storyboard in Resources */,
				BA0A7C2D1EB1F92B0071C973 /* Assets.xcassets in Resources */,
				BA0A7C2B1EB1F92B0071C973 /* Main.storyboard in Resources */,
			);
			runOnlyForDeploymentPostprocessing = 0;
		};
		BA0A7C341EB1F92C0071C973 /* Resources */ = {
			isa = PBXResourcesBuildPhase;
			buildActionMask = 2147483647;
			files = (
			);
			runOnlyForDeploymentPostprocessing = 0;
		};
		BA0A7C3F1EB1F92C0071C973 /* Resources */ = {
			isa = PBXResourcesBuildPhase;
			buildActionMask = 2147483647;
			files = (
			);
			runOnlyForDeploymentPostprocessing = 0;
		};
/* End PBXResourcesBuildPhase section */

/* Begin PBXSourcesBuildPhase section */
		BA0A7C1E1EB1F92B0071C973 /* Sources */ = {
			isa = PBXSourcesBuildPhase;
			buildActionMask = 2147483647;
			files = (
				BA0A7C281EB1F92B0071C973 /* ViewController.swift in Sources */,
				BA0A7C261EB1F92B0071C973 /* AppDelegate.swift in Sources */,
			);
			runOnlyForDeploymentPostprocessing = 0;
		};
		BA0A7C321EB1F92C0071C973 /* Sources */ = {
			isa = PBXSourcesBuildPhase;
			buildActionMask = 2147483647;
			files = (
				BA0A7C3B1EB1F92C0071C973 /* StyFiSampleTests.swift in Sources */,
			);
			runOnlyForDeploymentPostprocessing = 0;
		};
		BA0A7C3D1EB1F92C0071C973 /* Sources */ = {
			isa = PBXSourcesBuildPhase;
			buildActionMask = 2147483647;
			files = (
				BA0A7C461EB1F92C0071C973 /* StyFiSampleUITests.swift in Sources */,
			);
			runOnlyForDeploymentPostprocessing = 0;
		};
/* End PBXSourcesBuildPhase section */

/* Begin PBXTargetDependency section */
		BA0A7C381EB1F92C0071C973 /* PBXTargetDependency */ = {
			isa = PBXTargetDependency;
			target = BA0A7C211EB1F92B0071C973 /* StyFiSample */;
			targetProxy = BA0A7C371EB1F92C0071C973 /* PBXContainerItemProxy */;
		};
		BA0A7C431EB1F92C0071C973 /* PBXTargetDependency */ = {
			isa = PBXTargetDependency;
			target = BA0A7C211EB1F92B0071C973 /* StyFiSample */;
			targetProxy = BA0A7C421EB1F92C0071C973 /* PBXContainerItemProxy */;
		};
/* End PBXTargetDependency section */

/* Begin PBXVariantGroup section */
		BA0A7C291EB1F92B0071C973 /* Main.storyboard */ = {
			isa = PBXVariantGroup;
			children = (
				BA0A7C2A1EB1F92B0071C973 /* Base */,
			);
			name = Main.storyboard;
			sourceTree = "<group>";
		};
		BA0A7C2E1EB1F92B0071C973 /* LaunchScreen.storyboard */ = {
			isa = PBXVariantGroup;
			children = (
				BA0A7C2F1EB1F92B0071C973 /* Base */,
			);
			name = LaunchScreen.storyboard;
			sourceTree = "<group>";
		};
/* End PBXVariantGroup section */

/* Begin XCBuildConfiguration section */
		BA0A7C481EB1F92C0071C973 /* Debug */ = {
			isa = XCBuildConfiguration;
			buildSettings = {
				ALWAYS_SEARCH_USER_PATHS = NO;
				CLANG_ANALYZER_NONNULL = YES;
				CLANG_CXX_LANGUAGE_STANDARD = "gnu++0x";
				CLANG_CXX_LIBRARY = "libc++";
				CLANG_ENABLE_MODULES = YES;
				CLANG_ENABLE_OBJC_ARC = YES;
				CLANG_WARN_BOOL_CONVERSION = YES;
				CLANG_WARN_CONSTANT_CONVERSION = YES;
				CLANG_WARN_DIRECT_OBJC_ISA_USAGE = YES_ERROR;
				CLANG_WARN_DOCUMENTATION_COMMENTS = YES;
				CLANG_WARN_EMPTY_BODY = YES;
				CLANG_WARN_ENUM_CONVERSION = YES;
				CLANG_WARN_INFINITE_RECURSION = YES;
				CLANG_WARN_INT_CONVERSION = YES;
				CLANG_WARN_OBJC_ROOT_CLASS = YES_ERROR;
				CLANG_WARN_SUSPICIOUS_MOVE = YES;
				CLANG_WARN_UNREACHABLE_CODE = YES;
				CLANG_WARN__DUPLICATE_METHOD_MATCH = YES;
				"CODE_SIGN_IDENTITY[sdk=iphoneos*]" = "iPhone Developer";
				COPY_PHASE_STRIP = NO;
				DEBUG_INFORMATION_FORMAT = dwarf;
				ENABLE_STRICT_OBJC_MSGSEND = YES;
				ENABLE_TESTABILITY = YES;
				GCC_C_LANGUAGE_STANDARD = gnu99;
				GCC_DYNAMIC_NO_PIC = NO;
				GCC_NO_COMMON_BLOCKS = YES;
				GCC_OPTIMIZATION_LEVEL = 0;
				GCC_PREPROCESSOR_DEFINITIONS = (
					"DEBUG=1",
					"$(inherited)",
				);
				GCC_WARN_64_TO_32_BIT_CONVERSION = YES;
				GCC_WARN_ABOUT_RETURN_TYPE = YES_ERROR;
				GCC_WARN_UNDECLARED_SELECTOR = YES;
				GCC_WARN_UNINITIALIZED_AUTOS = YES_AGGRESSIVE;
				GCC_WARN_UNUSED_FUNCTION = YES;
				GCC_WARN_UNUSED_VARIABLE = YES;
				IPHONEOS_DEPLOYMENT_TARGET = 10.2;
				MTL_ENABLE_DEBUG_INFO = YES;
				ONLY_ACTIVE_ARCH = YES;
				SDKROOT = iphoneos;
				SWIFT_ACTIVE_COMPILATION_CONDITIONS = DEBUG;
				SWIFT_OPTIMIZATION_LEVEL = "-Onone";
			};
			name = Debug;
		};
		BA0A7C491EB1F92C0071C973 /* Release */ = {
			isa = XCBuildConfiguration;
			buildSettings = {
				ALWAYS_SEARCH_USER_PATHS = NO;
				CLANG_ANALYZER_NONNULL = YES;
				CLANG_CXX_LANGUAGE_STANDARD = "gnu++0x";
				CLANG_CXX_LIBRARY = "libc++";
				CLANG_ENABLE_MODULES = YES;
				CLANG_ENABLE_OBJC_ARC = YES;
				CLANG_WARN_BOOL_CONVERSION = YES;
				CLANG_WARN_CONSTANT_CONVERSION = YES;
				CLANG_WARN_DIRECT_OBJC_ISA_USAGE = YES_ERROR;
				CLANG_WARN_DOCUMENTATION_COMMENTS = YES;
				CLANG_WARN_EMPTY_BODY = YES;
				CLANG_WARN_ENUM_CONVERSION = YES;
				CLANG_WARN_INFINITE_RECURSION = YES;
				CLANG_WARN_INT_CONVERSION = YES;
				CLANG_WARN_OBJC_ROOT_CLASS = YES_ERROR;
				CLANG_WARN_SUSPICIOUS_MOVE = YES;
				CLANG_WARN_UNREACHABLE_CODE = YES;
				CLANG_WARN__DUPLICATE_METHOD_MATCH = YES;
				"CODE_SIGN_IDENTITY[sdk=iphoneos*]" = "iPhone Developer";
				COPY_PHASE_STRIP = NO;
				DEBUG_INFORMATION_FORMAT = "dwarf-with-dsym";
				ENABLE_NS_ASSERTIONS = NO;
				ENABLE_STRICT_OBJC_MSGSEND = YES;
				GCC_C_LANGUAGE_STANDARD = gnu99;
				GCC_NO_COMMON_BLOCKS = YES;
				GCC_WARN_64_TO_32_BIT_CONVERSION = YES;
				GCC_WARN_ABOUT_RETURN_TYPE = YES_ERROR;
				GCC_WARN_UNDECLARED_SELECTOR = YES;
				GCC_WARN_UNINITIALIZED_AUTOS = YES_AGGRESSIVE;
				GCC_WARN_UNUSED_FUNCTION = YES;
				GCC_WARN_UNUSED_VARIABLE = YES;
				IPHONEOS_DEPLOYMENT_TARGET = 10.2;
				MTL_ENABLE_DEBUG_INFO = NO;
				SDKROOT = iphoneos;
				SWIFT_OPTIMIZATION_LEVEL = "-Owholemodule";
				VALIDATE_PRODUCT = YES;
			};
			name = Release;
		};
		BA0A7C4B1EB1F92C0071C973 /* Debug */ = {
			isa = XCBuildConfiguration;
			buildSettings = {
				ASSETCATALOG_COMPILER_APPICON_NAME = AppIcon;
				INFOPLIST_FILE = StyFiSample/Info.plist;
				IPHONEOS_DEPLOYMENT_TARGET = 8.0;
				LD_RUNPATH_SEARCH_PATHS = "$(inherited) @executable_path/Frameworks";
				PRODUCT_BUNDLE_IDENTIFIER = SN.StyFiSample;
				PRODUCT_NAME = "$(TARGET_NAME)";
				SWIFT_VERSION = 3.0;
				TARGETED_DEVICE_FAMILY = 1;
			};
			name = Debug;
		};
		BA0A7C4C1EB1F92C0071C973 /* Release */ = {
			isa = XCBuildConfiguration;
			buildSettings = {
				ASSETCATALOG_COMPILER_APPICON_NAME = AppIcon;
				INFOPLIST_FILE = StyFiSample/Info.plist;
				IPHONEOS_DEPLOYMENT_TARGET = 8.0;
				LD_RUNPATH_SEARCH_PATHS = "$(inherited) @executable_path/Frameworks";
				PRODUCT_BUNDLE_IDENTIFIER = SN.StyFiSample;
				PRODUCT_NAME = "$(TARGET_NAME)";
				SWIFT_VERSION = 3.0;
				TARGETED_DEVICE_FAMILY = 1;
			};
			name = Release;
		};
		BA0A7C4E1EB1F92C0071C973 /* Debug */ = {
			isa = XCBuildConfiguration;
			buildSettings = {
				ALWAYS_EMBED_SWIFT_STANDARD_LIBRARIES = YES;
				BUNDLE_LOADER = "$(TEST_HOST)";
				INFOPLIST_FILE = StyFiSampleTests/Info.plist;
				LD_RUNPATH_SEARCH_PATHS = "$(inherited) @executable_path/Frameworks @loader_path/Frameworks";
				PRODUCT_BUNDLE_IDENTIFIER = SN.StyFiSampleTests;
				PRODUCT_NAME = "$(TARGET_NAME)";
				SWIFT_VERSION = 3.0;
				TEST_HOST = "$(BUILT_PRODUCTS_DIR)/StyFiSample.app/StyFiSample";
			};
			name = Debug;
		};
		BA0A7C4F1EB1F92C0071C973 /* Release */ = {
			isa = XCBuildConfiguration;
			buildSettings = {
				ALWAYS_EMBED_SWIFT_STANDARD_LIBRARIES = YES;
				BUNDLE_LOADER = "$(TEST_HOST)";
				INFOPLIST_FILE = StyFiSampleTests/Info.plist;
				LD_RUNPATH_SEARCH_PATHS = "$(inherited) @executable_path/Frameworks @loader_path/Frameworks";
				PRODUCT_BUNDLE_IDENTIFIER = SN.StyFiSampleTests;
				PRODUCT_NAME = "$(TARGET_NAME)";
				SWIFT_VERSION = 3.0;
				TEST_HOST = "$(BUILT_PRODUCTS_DIR)/StyFiSample.app/StyFiSample";
			};
			name = Release;
		};
		BA0A7C511EB1F92C0071C973 /* Debug */ = {
			isa = XCBuildConfiguration;
			buildSettings = {
				ALWAYS_EMBED_SWIFT_STANDARD_LIBRARIES = YES;
				INFOPLIST_FILE = StyFiSampleUITests/Info.plist;
				LD_RUNPATH_SEARCH_PATHS = "$(inherited) @executable_path/Frameworks @loader_path/Frameworks";
				PRODUCT_BUNDLE_IDENTIFIER = SN.StyFiSampleUITests;
				PRODUCT_NAME = "$(TARGET_NAME)";
				SWIFT_VERSION = 3.0;
				TEST_TARGET_NAME = StyFiSample;
			};
			name = Debug;
		};
		BA0A7C521EB1F92C0071C973 /* Release */ = {
			isa = XCBuildConfiguration;
			buildSettings = {
				ALWAYS_EMBED_SWIFT_STANDARD_LIBRARIES = YES;
				INFOPLIST_FILE = StyFiSampleUITests/Info.plist;
				LD_RUNPATH_SEARCH_PATHS = "$(inherited) @executable_path/Frameworks @loader_path/Frameworks";
				PRODUCT_BUNDLE_IDENTIFIER = SN.StyFiSampleUITests;
				PRODUCT_NAME = "$(TARGET_NAME)";
				SWIFT_VERSION = 3.0;
				TEST_TARGET_NAME = StyFiSample;
			};
			name = Release;
		};
/* End XCBuildConfiguration section */

/* Begin XCConfigurationList section */
		BA0A7C1D1EB1F92B0071C973 /* Build configuration list for PBXProject "StyFiSample" */ = {
			isa = XCConfigurationList;
			buildConfigurations = (
				BA0A7C481EB1F92C0071C973 /* Debug */,
				BA0A7C491EB1F92C0071C973 /* Release */,
			);
			defaultConfigurationIsVisible = 0;
			defaultConfigurationName = Release;
		};
		BA0A7C4A1EB1F92C0071C973 /* Build configuration list for PBXNativeTarget "StyFiSample" */ = {
			isa = XCConfigurationList;
			buildConfigurations = (
				BA0A7C4B1EB1F92C0071C973 /* Debug */,
				BA0A7C4C1EB1F92C0071C973 /* Release */,
			);
			defaultConfigurationIsVisible = 0;
			defaultConfigurationName = Release;
		};
		BA0A7C4D1EB1F92C0071C973 /* Build configuration list for PBXNativeTarget "StyFiSampleTests" */ = {
			isa = XCConfigurationList;
			buildConfigurations = (
				BA0A7C4E1EB1F92C0071C973 /* Debug */,
				BA0A7C4F1EB1F92C0071C973 /* Release */,
			);
			defaultConfigurationIsVisible = 0;
			defaultConfigurationName = Release;
		};
		BA0A7C501EB1F92C0071C973 /* Build configuration list for PBXNativeTarget "StyFiSampleUITests" */ = {
			isa = XCConfigurationList;
			buildConfigurations = (
				BA0A7C511EB1F92C0071C973 /* Debug */,
				BA0A7C521EB1F92C0071C973 /* Release */,
			);
			defaultConfigurationIsVisible = 0;
			defaultConfigurationName = Release;
		};
/* End XCConfigurationList section */
	};
	rootObject = BA0A7C1A1EB1F92B0071C973 /* Project object */;
}
